
Microsoft Visual Studio Solution File, Format Version 11.00
# Visual Studio 2010
Project("{FAE04EC0-301F-11D3-BF4B-00C04F79EFBC}") = "NavMeshComponents", "NavMeshComponents.csproj", "{8DDA2BA9-4739-6FCC-BFA5-4F39F3C79139}"
EndProject
Project("{FAE04EC0-301F-11D3-BF4B-00C04F79EFBC}") = "Assembly-CSharp", "Assembly-CSharp.csproj", "{67187CB7-DBA1-5DBB-E6E2-61ADE1D25517}"
EndProject
Project("{FAE04EC0-301F-11D3-BF4B-00C04F79EFBC}") = "NavMeshComponentsEditor", "NavMeshComponentsEditor.csproj", "{070117D0-E1CC-D343-DC68-8A5A37EF2E4C}"
EndProject
Global
	GlobalSection(SolutionConfigurationPlatforms) = preSolution
		Debug|Any CPU = Debug|Any CPU
		Release|Any CPU = Release|Any CPU
	EndGlobalSection
	GlobalSection(ProjectConfigurationPlatforms) = postSolution
		{8DDA2BA9-4739-6FCC-BFA5-4F39F3C79139}.Debug|Any CPU.ActiveCfg = Debug|Any CPU
		{8DDA2BA9-4739-6FCC-BFA5-4F39F3C79139}.Debug|Any CPU.Build.0 = Debug|Any CPU
		{8DDA2BA9-4739-6FCC-BFA5-4F39F3C79139}.Release|Any CPU.ActiveCfg = Release|Any CPU
		{8DDA2BA9-4739-6FCC-BFA5-4F39F3C79139}.Release|Any CPU.Build.0 = Release|Any CPU
		{67187CB7-DBA1-5DBB-E6E2-61ADE1D25517}.Debug|Any CPU.ActiveCfg = Debug|Any CPU
		{67187CB7-DBA1-5DBB-E6E2-61ADE1D25517}.Debug|Any CPU.Build.0 = Debug|Any CPU
		{67187CB7-DBA1-5DBB-E6E2-61ADE1D25517}.Release|Any CPU.ActiveCfg = Release|Any CPU
		{67187CB7-DBA1-5DBB-E6E2-61ADE1D25517}.Release|Any CPU.Build.0 = Release|Any CPU
		{070117D0-E1CC-D343-DC68-8A5A37EF2E4C}.Debug|Any CPU.ActiveCfg = Debug|Any CPU
		{070117D0-E1CC-D343-DC68-8A5A37EF2E4C}.Debug|Any CPU.Build.0 = Debug|Any CPU
		{070117D0-E1CC-D343-DC68-8A5A37EF2E4C}.Release|Any CPU.ActiveCfg = Release|Any CPU
		{070117D0-E1CC-D343-DC68-8A5A37EF2E4C}.Release|Any CPU.Build.0 = Release|Any CPU
	EndGlobalSection
	GlobalSection(SolutionProperties) = preSolution
		HideSolutionNode = FALSE
	EndGlobalSection
EndGlobal
